<Solution>
  <Project Path="unified-customer-profile.api/unified-customer-profile.api.csproj" />
  <Project Path="unified-customer-profile.repository/unified-customer-profile.repository.csproj" />
  <Project Path="unified-customer-profile.services/unified-customer-profile.services.csproj" />
  <Project Path="unified-customer-profile.test/unified-customer-profile-test.csproj" />
</Solution>